
Microsoft Visual Studio Solution File, Format Version 12.00
# Visual Studio Version 17
VisualStudioVersion = 17.1.32210.238
MinimumVisualStudioVersion = 10.0.40219.1
Project("{9A19103F-16F7-4668-BE54-9A1E7A4F7556}") = "MonkeyPatcherTests", "MonkeyPatcherTests\MonkeyPatcherTests.csproj", "{08070267-8C46-47DF-BE51-1B1E741B504B}"
EndProject
Project("{9A19103F-16F7-4668-BE54-9A1E7A4F7556}") = "MonkeyPatch", "MonkeyPatcher\MonkeyPatch.csproj", "{9340AF0B-C437-48D4-9C48-A97DC0BD9987}"
EndProject
Global
	GlobalSection(SolutionConfigurationPlatforms) = preSolution
		Debug|Any CPU = Debug|Any CPU
		Release|Any CPU = Release|Any CPU
	EndGlobalSection
	GlobalSection(ProjectConfigurationPlatforms) = postSolution
		{08070267-8C46-47DF-BE51-1B1E741B504B}.Debug|Any CPU.ActiveCfg = Debug|Any CPU
		{08070267-8C46-47DF-BE51-1B1E741B504B}.Debug|Any CPU.Build.0 = Debug|Any CPU
		{08070267-8C46-47DF-BE51-1B1E741B504B}.Release|Any CPU.ActiveCfg = Release|Any CPU
		{08070267-8C46-47DF-BE51-1B1E741B504B}.Release|Any CPU.Build.0 = Release|Any CPU
		{9340AF0B-C437-48D4-9C48-A97DC0BD9987}.Debug|Any CPU.ActiveCfg = Debug|Any CPU
		{9340AF0B-C437-48D4-9C48-A97DC0BD9987}.Debug|Any CPU.Build.0 = Debug|Any CPU
		{9340AF0B-C437-48D4-9C48-A97DC0BD9987}.Release|Any CPU.ActiveCfg = Release|Any CPU
		{9340AF0B-C437-48D4-9C48-A97DC0BD9987}.Release|Any CPU.Build.0 = Release|Any CPU
	EndGlobalSection
	GlobalSection(SolutionProperties) = preSolution
		HideSolutionNode = FALSE
	EndGlobalSection
	GlobalSection(ExtensibilityGlobals) = postSolution
		SolutionGuid = {9415558B-78EF-421F-8B8F-4D0B876B1860}
	EndGlobalSection
EndGlobal
